
Microsoft Visual Studio Solution File, Format Version 12.00
# Visual Studio Version 16
VisualStudioVersion = 16.0.29424.173
MinimumVisualStudioVersion = 10.0.40219.1
Project("{9A19103F-16F7-4668-BE54-9A1E7A4F7556}") = "Publisher", "IoTModules\c#\publisher\Publisher.csproj", "{BF992658-AF4A-4C41-A6C5-1F075F5D51E7}"
EndProject
Project("{9A19103F-16F7-4668-BE54-9A1E7A4F7556}") = "Subscriber", "IoTModules\c#\subscriber\Subscriber.csproj", "{5CA757E4-191B-4025-8BF7-24A25D8F882E}"
EndProject
Project("{2150E333-8FDC-42A3-9474-1A3956D46DE8}") = "IoTModules", "IoTModules", "{C8E6EBAA-DA12-4ACC-897B-E674F24615E7}"
EndProject
Project("{2150E333-8FDC-42A3-9474-1A3956D46DE8}") = "QuickStart", "QuickStart", "{1A29FBDF-CDBA-4BD0-9FE5-D40D95FF988D}"
EndProject
Project("{9A19103F-16F7-4668-BE54-9A1E7A4F7556}") = "Publisher", "QuickStart\c#\publisher\Publisher.csproj", "{D337DD41-196D-49A9-B903-77F2E4F319D3}"
EndProject
Project("{9A19103F-16F7-4668-BE54-9A1E7A4F7556}") = "Subscriber", "QuickStart\c#\subscriber\Subscriber.csproj", "{3814D171-75B4-4324-8478-DBCCC9CBB5E3}"
EndProject
Project("{2150E333-8FDC-42A3-9474-1A3956D46DE8}") = "SDK", "SDK", "{AEE9042C-0BC5-4302-9582-9AFA340EF555}"
EndProject
Project("{9A19103F-16F7-4668-BE54-9A1E7A4F7556}") = "SDK", "SDK\SDK.csproj", "{83EC7C9C-AB4E-480C-BC14-1BF688EAA28A}"
EndProject
Project("{9A19103F-16F7-4668-BE54-9A1E7A4F7556}") = "SecurityDaemonClient", "SecurityDaemonClient\SecurityDaemonClient.csproj", "{00E8B3CB-A051-4A13-B965-BE4836E1AFD8}"
EndProject
Project("{2150E333-8FDC-42A3-9474-1A3956D46DE8}") = "Common", "Common", "{34DA2417-E843-402A-BB71-D8385A8735F0}"
EndProject
Project("{9A19103F-16F7-4668-BE54-9A1E7A4F7556}") = "Auth", "Common\auth\Auth.csproj", "{4F4E7F1E-4488-4426-99D3-81B37310E0FA}"
EndProject
Global
	GlobalSection(SolutionConfigurationPlatforms) = preSolution
		Debug|Any CPU = Debug|Any CPU
		Release|Any CPU = Release|Any CPU
	EndGlobalSection
	GlobalSection(ProjectConfigurationPlatforms) = postSolution
		{BF992658-AF4A-4C41-A6C5-1F075F5D51E7}.Debug|Any CPU.ActiveCfg = Debug|Any CPU
		{BF992658-AF4A-4C41-A6C5-1F075F5D51E7}.Debug|Any CPU.Build.0 = Debug|Any CPU
		{BF992658-AF4A-4C41-A6C5-1F075F5D51E7}.Release|Any CPU.ActiveCfg = Release|Any CPU
		{BF992658-AF4A-4C41-A6C5-1F075F5D51E7}.Release|Any CPU.Build.0 = Release|Any CPU
		{5CA757E4-191B-4025-8BF7-24A25D8F882E}.Debug|Any CPU.ActiveCfg = Debug|Any CPU
		{5CA757E4-191B-4025-8BF7-24A25D8F882E}.Debug|Any CPU.Build.0 = Debug|Any CPU
		{5CA757E4-191B-4025-8BF7-24A25D8F882E}.Release|Any CPU.ActiveCfg = Release|Any CPU
		{5CA757E4-191B-4025-8BF7-24A25D8F882E}.Release|Any CPU.Build.0 = Release|Any CPU
		{D337DD41-196D-49A9-B903-77F2E4F319D3}.Debug|Any CPU.ActiveCfg = Debug|Any CPU
		{D337DD41-196D-49A9-B903-77F2E4F319D3}.Debug|Any CPU.Build.0 = Debug|Any CPU
		{D337DD41-196D-49A9-B903-77F2E4F319D3}.Release|Any CPU.ActiveCfg = Release|Any CPU
		{D337DD41-196D-49A9-B903-77F2E4F319D3}.Release|Any CPU.Build.0 = Release|Any CPU
		{3814D171-75B4-4324-8478-DBCCC9CBB5E3}.Debug|Any CPU.ActiveCfg = Debug|Any CPU
		{3814D171-75B4-4324-8478-DBCCC9CBB5E3}.Debug|Any CPU.Build.0 = Debug|Any CPU
		{3814D171-75B4-4324-8478-DBCCC9CBB5E3}.Release|Any CPU.ActiveCfg = Release|Any CPU
		{3814D171-75B4-4324-8478-DBCCC9CBB5E3}.Release|Any CPU.Build.0 = Release|Any CPU
		{83EC7C9C-AB4E-480C-BC14-1BF688EAA28A}.Debug|Any CPU.ActiveCfg = Debug|Any CPU
		{83EC7C9C-AB4E-480C-BC14-1BF688EAA28A}.Debug|Any CPU.Build.0 = Debug|Any CPU
		{83EC7C9C-AB4E-480C-BC14-1BF688EAA28A}.Release|Any CPU.ActiveCfg = Release|Any CPU
		{83EC7C9C-AB4E-480C-BC14-1BF688EAA28A}.Release|Any CPU.Build.0 = Release|Any CPU
		{00E8B3CB-A051-4A13-B965-BE4836E1AFD8}.Debug|Any CPU.ActiveCfg = Debug|Any CPU
		{00E8B3CB-A051-4A13-B965-BE4836E1AFD8}.Debug|Any CPU.Build.0 = Debug|Any CPU
		{00E8B3CB-A051-4A13-B965-BE4836E1AFD8}.Release|Any CPU.ActiveCfg = Release|Any CPU
		{00E8B3CB-A051-4A13-B965-BE4836E1AFD8}.Release|Any CPU.Build.0 = Release|Any CPU
		{4F4E7F1E-4488-4426-99D3-81B37310E0FA}.Debug|Any CPU.ActiveCfg = Debug|Any CPU
		{4F4E7F1E-4488-4426-99D3-81B37310E0FA}.Debug|Any CPU.Build.0 = Debug|Any CPU
		{4F4E7F1E-4488-4426-99D3-81B37310E0FA}.Release|Any CPU.ActiveCfg = Release|Any CPU
		{4F4E7F1E-4488-4426-99D3-81B37310E0FA}.Release|Any CPU.Build.0 = Release|Any CPU
	EndGlobalSection
	GlobalSection(SolutionProperties) = preSolution
		HideSolutionNode = FALSE
	EndGlobalSection
	GlobalSection(NestedProjects) = preSolution
		{BF992658-AF4A-4C41-A6C5-1F075F5D51E7} = {C8E6EBAA-DA12-4ACC-897B-E674F24615E7}
		{5CA757E4-191B-4025-8BF7-24A25D8F882E} = {C8E6EBAA-DA12-4ACC-897B-E674F24615E7}
		{D337DD41-196D-49A9-B903-77F2E4F319D3} = {1A29FBDF-CDBA-4BD0-9FE5-D40D95FF988D}
		{3814D171-75B4-4324-8478-DBCCC9CBB5E3} = {1A29FBDF-CDBA-4BD0-9FE5-D40D95FF988D}
		{83EC7C9C-AB4E-480C-BC14-1BF688EAA28A} = {AEE9042C-0BC5-4302-9582-9AFA340EF555}
		{00E8B3CB-A051-4A13-B965-BE4836E1AFD8} = {AEE9042C-0BC5-4302-9582-9AFA340EF555}
		{4F4E7F1E-4488-4426-99D3-81B37310E0FA} = {34DA2417-E843-402A-BB71-D8385A8735F0}
	EndGlobalSection
	GlobalSection(ExtensibilityGlobals) = postSolution
		SolutionGuid = {475D2ECB-88BD-47E1-B351-D17F2ACF95B8}
	EndGlobalSection
EndGlobal
